
Microsoft Visual Studio Solution File, Format Version 12.00
# Visual Studio Version 17
VisualStudioVersion = 17.5.002.0
MinimumVisualStudioVersion = 10.0.40219.1
Project("{9A19103F-16F7-4668-BE54-9A1E7A4F7556}") = "Blazordeploy", "Blazordeploy.csproj", "{5E0589E9-2F50-404F-A5C2-734CE45A898A}"
EndProject
Global
	GlobalSection(SolutionConfigurationPlatforms) = preSolution
		Debug|Any CPU = Debug|Any CPU
		Release|Any CPU = Release|Any CPU
	EndGlobalSection
	GlobalSection(ProjectConfigurationPlatforms) = postSolution
		{5E0589E9-2F50-404F-A5C2-734CE45A898A}.Debug|Any CPU.ActiveCfg = Debug|Any CPU
		{5E0589E9-2F50-404F-A5C2-734CE45A898A}.Debug|Any CPU.Build.0 = Debug|Any CPU
		{5E0589E9-2F50-404F-A5C2-734CE45A898A}.Release|Any CPU.ActiveCfg = Release|Any CPU
		{5E0589E9-2F50-404F-A5C2-734CE45A898A}.Release|Any CPU.Build.0 = Release|Any CPU
	EndGlobalSection
	GlobalSection(SolutionProperties) = preSolution
		HideSolutionNode = FALSE
	EndGlobalSection
	GlobalSection(ExtensibilityGlobals) = postSolution
		SolutionGuid = {8E944F44-ABC1-4B16-A9B7-3B8B0FBB652D}
	EndGlobalSection
EndGlobal
